
Microsoft Visual Studio Solution File, Format Version 12.00
# Visual Studio 15
VisualStudioVersion = 15.0.27130.2027
MinimumVisualStudioVersion = 10.0.40219.1
Project("{FAE04EC0-301F-11D3-BF4B-00C04F79EFBC}") = "Trails.Android", "Trails\Trails.Android\Trails.Android.csproj", "{4BDD4A62-E0F9-47EB-A809-5FACA6EF8486}"
EndProject
Project("{FAE04EC0-301F-11D3-BF4B-00C04F79EFBC}") = "Trails.iOS", "Trails\Trails.iOS\Trails.iOS.csproj", "{B591A3E5-4F7F-41DB-BBA4-71419EC648E3}"
EndProject
Project("{FAE04EC0-301F-11D3-BF4B-00C04F79EFBC}") = "Trails.UWP", "Trails\Trails.UWP\Trails.UWP.csproj", "{353C114E-8B59-4390-9E68-C50B64F914E9}"
EndProject
Project("{FAE04EC0-301F-11D3-BF4B-00C04F79EFBC}") = "Trails", "Trails\Trails\Trails.csproj", "{91EE2AE9-A886-41FA-81EA-217A0818E6AD}"
EndProject
Global
	GlobalSection(SolutionConfigurationPlatforms) = preSolution
		Ad-Hoc|Any CPU = Ad-Hoc|Any CPU
		Ad-Hoc|ARM = Ad-Hoc|ARM
		Ad-Hoc|iPhone = Ad-Hoc|iPhone
		Ad-Hoc|iPhoneSimulator = Ad-Hoc|iPhoneSimulator
		Ad-Hoc|x64 = Ad-Hoc|x64
		Ad-Hoc|x86 = Ad-Hoc|x86
		AppStore|Any CPU = AppStore|Any CPU
		AppStore|ARM = AppStore|ARM
		AppStore|iPhone = AppStore|iPhone
		AppStore|iPhoneSimulator = AppStore|iPhoneSimulator
		AppStore|x64 = AppStore|x64
		AppStore|x86 = AppStore|x86
		Debug|Any CPU = Debug|Any CPU
		Debug|ARM = Debug|ARM
		Debug|iPhone = Debug|iPhone
		Debug|iPhoneSimulator = Debug|iPhoneSimulator
		Debug|x64 = Debug|x64
		Debug|x86 = Debug|x86
		Release|Any CPU = Release|Any CPU
		Release|ARM = Release|ARM
		Release|iPhone = Release|iPhone
		Release|iPhoneSimulator = Release|iPhoneSimulator
		Release|x64 = Release|x64
		Release|x86 = Release|x86
	EndGlobalSection
	GlobalSection(ProjectConfigurationPlatforms) = postSolution
		{4BDD4A62-E0F9-47EB-A809-5FACA6EF8486}.Ad-Hoc|Any CPU.ActiveCfg = Release|Any CPU
		{4BDD4A62-E0F9-47EB-A809-5FACA6EF8486}.Ad-Hoc|Any CPU.Build.0 = Release|Any CPU
		{4BDD4A62-E0F9-47EB-A809-5FACA6EF8486}.Ad-Hoc|Any CPU.Deploy.0 = Release|Any CPU
		{4BDD4A62-E0F9-47EB-A809-5FACA6EF8486}.Ad-Hoc|ARM.ActiveCfg = Release|Any CPU
		{4BDD4A62-E0F9-47EB-A809-5FACA6EF8486}.Ad-Hoc|ARM.Build.0 = Release|Any CPU
		{4BDD4A62-E0F9-47EB-A809-5FACA6EF8486}.Ad-Hoc|ARM.Deploy.0 = Release|Any CPU
		{4BDD4A62-E0F9-47EB-A809-5FACA6EF8486}.Ad-Hoc|iPhone.ActiveCfg = Release|Any CPU
		{4BDD4A62-E0F9-47EB-A809-5FACA6EF8486}.Ad-Hoc|iPhone.Build.0 = Release|Any CPU
		{4BDD4A62-E0F9-47EB-A809-5FACA6EF8486}.Ad-Hoc|iPhone.Deploy.0 = Release|Any CPU
		{4BDD4A62-E0F9-47EB-A809-5FACA6EF8486}.Ad-Hoc|iPhoneSimulator.ActiveCfg = Release|Any CPU
		{4BDD4A62-E0F9-47EB-A809-5FACA6EF8486}.Ad-Hoc|iPhoneSimulator.Build.0 = Release|Any CPU
		{4BDD4A62-E0F9-47EB-A809-5FACA6EF8486}.Ad-Hoc|iPhoneSimulator.Deploy.0 = Release|Any CPU
		{4BDD4A62-E0F9-47EB-A809-5FACA6EF8486}.Ad-Hoc|x64.ActiveCfg = Release|Any CPU
		{4BDD4A62-E0F9-47EB-A809-5FACA6EF8486}.Ad-Hoc|x64.Build.0 = Release|Any CPU
		{4BDD4A62-E0F9-47EB-A809-5FACA6EF8486}.Ad-Hoc|x64.Deploy.0 = Release|Any CPU
		{4BDD4A62-E0F9-47EB-A809-5FACA6EF8486}.Ad-Hoc|x86.ActiveCfg = Release|Any CPU
		{4BDD4A62-E0F9-47EB-A809-5FACA6EF8486}.Ad-Hoc|x86.Build.0 = Release|Any CPU
		{4BDD4A62-E0F9-47EB-A809-5FACA6EF8486}.Ad-Hoc|x86.Deploy.0 = Release|Any CPU
		{4BDD4A62-E0F9-47EB-A809-5FACA6EF8486}.AppStore|Any CPU.ActiveCfg = Release|Any CPU
		{4BDD4A62-E0F9-47EB-A809-5FACA6EF8486}.AppStore|Any CPU.Build.0 = Release|Any CPU
		{4BDD4A62-E0F9-47EB-A809-5FACA6EF8486}.AppStore|Any CPU.Deploy.0 = Release|Any CPU
		{4BDD4A62-E0F9-47EB-A809-5FACA6EF8486}.AppStore|ARM.ActiveCfg = Release|Any CPU
		{4BDD4A62-E0F9-47EB-A809-5FACA6EF8486}.AppStore|ARM.Build.0 = Release|Any CPU
		{4BDD4A62-E0F9-47EB-A809-5FACA6EF8486}.AppStore|ARM.Deploy.0 = Release|Any CPU
		{4BDD4A62-E0F9-47EB-A809-5FACA6EF8486}.AppStore|iPhone.ActiveCfg = Release|Any CPU
		{4BDD4A62-E0F9-47EB-A809-5FACA6EF8486}.AppStore|iPhone.Build.0 = Release|Any CPU
		{4BDD4A62-E0F9-47EB-A809-5FACA6EF8486}.AppStore|iPhone.Deploy.0 = Release|Any CPU
		{4BDD4A62-E0F9-47EB-A809-5FACA6EF8486}.AppStore|iPhoneSimulator.ActiveCfg = Release|Any CPU
		{4BDD4A62-E0F9-47EB-A809-5FACA6EF8486}.AppStore|iPhoneSimulator.Build.0 = Release|Any CPU
		{4BDD4A62-E0F9-47EB-A809-5FACA6EF8486}.AppStore|iPhoneSimulator.Deploy.0 = Release|Any CPU
		{4BDD4A62-E0F9-47EB-A809-5FACA6EF8486}.AppStore|x64.ActiveCfg = Release|Any CPU
		{4BDD4A62-E0F9-47EB-A809-5FACA6EF8486}.AppStore|x64.Build.0 = Release|Any CPU
		{4BDD4A62-E0F9-47EB-A809-5FACA6EF8486}.AppStore|x64.Deploy.0 = Release|Any CPU
		{4BDD4A62-E0F9-47EB-A809-5FACA6EF8486}.AppStore|x86.ActiveCfg = Release|Any CPU
		{4BDD4A62-E0F9-47EB-A809-5FACA6EF8486}.AppStore|x86.Build.0 = Release|Any CPU
		{4BDD4A62-E0F9-47EB-A809-5FACA6EF8486}.AppStore|x86.Deploy.0 = Release|Any CPU
		{4BDD4A62-E0F9-47EB-A809-5FACA6EF8486}.Debug|Any CPU.ActiveCfg = Debug|Any CPU
		{4BDD4A62-E0F9-47EB-A809-5FACA6EF8486}.Debug|Any CPU.Build.0 = Debug|Any CPU
		{4BDD4A62-E0F9-47EB-A809-5FACA6EF8486}.Debug|Any CPU.Deploy.0 = Debug|Any CPU
		{4BDD4A62-E0F9-47EB-A809-5FACA6EF8486}.Debug|ARM.ActiveCfg = Debug|Any CPU
		{4BDD4A62-E0F9-47EB-A809-5FACA6EF8486}.Debug|ARM.Build.0 = Debug|Any CPU
		{4BDD4A62-E0F9-47EB-A809-5FACA6EF8486}.Debug|ARM.Deploy.0 = Debug|Any CPU
		{4BDD4A62-E0F9-47EB-A809-5FACA6EF8486}.Debug|iPhone.ActiveCfg = Debug|Any CPU
		{4BDD4A62-E0F9-47EB-A809-5FACA6EF8486}.Debug|iPhone.Build.0 = Debug|Any CPU
		{4BDD4A62-E0F9-47EB-A809-5FACA6EF8486}.Debug|iPhone.Deploy.0 = Debug|Any CPU
		{4BDD4A62-E0F9-47EB-A809-5FACA6EF8486}.Debug|iPhoneSimulator.ActiveCfg = Debug|Any CPU
		{4BDD4A62-E0F9-47EB-A809-5FACA6EF8486}.Debug|iPhoneSimulator.Build.0 = Debug|Any CPU
		{4BDD4A62-E0F9-47EB-A809-5FACA6EF8486}.Debug|iPhoneSimulator.Deploy.0 = Debug|Any CPU
		{4BDD4A62-E0F9-47EB-A809-5FACA6EF8486}.Debug|x64.ActiveCfg = Debug|Any CPU
		{4BDD4A62-E0F9-47EB-A809-5FACA6EF8486}.Debug|x64.Build.0 = Debug|Any CPU
		{4BDD4A62-E0F9-47EB-A809-5FACA6EF8486}.Debug|x64.Deploy.0 = Debug|Any CPU
		{4BDD4A62-E0F9-47EB-A809-5FACA6EF8486}.Debug|x86.ActiveCfg = Debug|Any CPU
		{4BDD4A62-E0F9-47EB-A809-5FACA6EF8486}.Debug|x86.Build.0 = Debug|Any CPU
		{4BDD4A62-E0F9-47EB-A809-5FACA6EF8486}.Debug|x86.Deploy.0 = Debug|Any CPU
		{4BDD4A62-E0F9-47EB-A809-5FACA6EF8486}.Release|Any CPU.ActiveCfg = Release|Any CPU
		{4BDD4A62-E0F9-47EB-A809-5FACA6EF8486}.Release|Any CPU.Build.0 = Release|Any CPU
		{4BDD4A62-E0F9-47EB-A809-5FACA6EF8486}.Release|Any CPU.Deploy.0 = Release|Any CPU
		{4BDD4A62-E0F9-47EB-A809-5FACA6EF8486}.Release|ARM.ActiveCfg = Release|Any CPU
		{4BDD4A62-E0F9-47EB-A809-5FACA6EF8486}.Release|ARM.Build.0 = Release|Any CPU
		{4BDD4A62-E0F9-47EB-A809-5FACA6EF8486}.Release|ARM.Deploy.0 = Release|Any CPU
		{4BDD4A62-E0F9-47EB-A809-5FACA6EF8486}.Release|iPhone.ActiveCfg = Release|Any CPU
		{4BDD4A62-E0F9-47EB-A809-5FACA6EF8486}.Release|iPhone.Build.0 = Release|Any CPU
		{4BDD4A62-E0F9-47EB-A809-5FACA6EF8486}.Release|iPhone.Deploy.0 = Release|Any CPU
		{4BDD4A62-E0F9-47EB-A809-5FACA6EF8486}.Release|iPhoneSimulator.ActiveCfg = Release|Any CPU
		{4BDD4A62-E0F9-47EB-A809-5FACA6EF8486}.Release|iPhoneSimulator.Build.0 = Release|Any CPU
		{4BDD4A62-E0F9-47EB-A809-5FACA6EF8486}.Release|iPhoneSimulator.Deploy.0 = Release|Any CPU
		{4BDD4A62-E0F9-47EB-A809-5FACA6EF8486}.Release|x64.ActiveCfg = Release|Any CPU
		{4BDD4A62-E0F9-47EB-A809-5FACA6EF8486}.Release|x64.Build.0 = Release|Any CPU
		{4BDD4A62-E0F9-47EB-A809-5FACA6EF8486}.Release|x64.Deploy.0 = Release|Any CPU
		{4BDD4A62-E0F9-47EB-A809-5FACA6EF8486}.Release|x86.ActiveCfg = Release|Any CPU
		{4BDD4A62-E0F9-47EB-A809-5FACA6EF8486}.Release|x86.Build.0 = Release|Any CPU
		{4BDD4A62-E0F9-47EB-A809-5FACA6EF8486}.Release|x86.Deploy.0 = Release|Any CPU
		{B591A3E5-4F7F-41DB-BBA4-71419EC648E3}.Ad-Hoc|Any CPU.ActiveCfg = Ad-Hoc|iPhone
		{B591A3E5-4F7F-41DB-BBA4-71419EC648E3}.Ad-Hoc|ARM.ActiveCfg = Ad-Hoc|iPhone
		{B591A3E5-4F7F-41DB-BBA4-71419EC648E3}.Ad-Hoc|iPhone.ActiveCfg = Ad-Hoc|iPhone
		{B591A3E5-4F7F-41DB-BBA4-71419EC648E3}.Ad-Hoc|iPhone.Build.0 = Ad-Hoc|iPhone
		{B591A3E5-4F7F-41DB-BBA4-71419EC648E3}.Ad-Hoc|iPhoneSimulator.ActiveCfg = Ad-Hoc|iPhoneSimulator
		{B591A3E5-4F7F-41DB-BBA4-71419EC648E3}.Ad-Hoc|iPhoneSimulator.Build.0 = Ad-Hoc|iPhoneSimulator
		{B591A3E5-4F7F-41DB-BBA4-71419EC648E3}.Ad-Hoc|x64.ActiveCfg = Ad-Hoc|iPhone
		{B591A3E5-4F7F-41DB-BBA4-71419EC648E3}.Ad-Hoc|x86.ActiveCfg = Ad-Hoc|iPhone
		{B591A3E5-4F7F-41DB-BBA4-71419EC648E3}.AppStore|Any CPU.ActiveCfg = AppStore|iPhone
		{B591A3E5-4F7F-41DB-BBA4-71419EC648E3}.AppStore|ARM.ActiveCfg = AppStore|iPhone
		{B591A3E5-4F7F-41DB-BBA4-71419EC648E3}.AppStore|iPhone.ActiveCfg = AppStore|iPhone
		{B591A3E5-4F7F-41DB-BBA4-71419EC648E3}.AppStore|iPhone.Build.0 = AppStore|iPhone
		{B591A3E5-4F7F-41DB-BBA4-71419EC648E3}.AppStore|iPhoneSimulator.ActiveCfg = AppStore|iPhoneSimulator
		{B591A3E5-4F7F-41DB-BBA4-71419EC648E3}.AppStore|iPhoneSimulator.Build.0 = AppStore|iPhoneSimulator
		{B591A3E5-4F7F-41DB-BBA4-71419EC648E3}.AppStore|x64.ActiveCfg = AppStore|iPhone
		{B591A3E5-4F7F-41DB-BBA4-71419EC648E3}.AppStore|x86.ActiveCfg = AppStore|iPhone
		{B591A3E5-4F7F-41DB-BBA4-71419EC648E3}.Debug|Any CPU.ActiveCfg = Debug|iPhone
		{B591A3E5-4F7F-41DB-BBA4-71419EC648E3}.Debug|ARM.ActiveCfg = Debug|iPhone
		{B591A3E5-4F7F-41DB-BBA4-71419EC648E3}.Debug|iPhone.ActiveCfg = Debug|iPhone
		{B591A3E5-4F7F-41DB-BBA4-71419EC648E3}.Debug|iPhone.Build.0 = Debug|iPhone
		{B591A3E5-4F7F-41DB-BBA4-71419EC648E3}.Debug|iPhoneSimulator.ActiveCfg = Debug|iPhoneSimulator
		{B591A3E5-4F7F-41DB-BBA4-71419EC648E3}.Debug|iPhoneSimulator.Build.0 = Debug|iPhoneSimulator
		{B591A3E5-4F7F-41DB-BBA4-71419EC648E3}.Debug|x64.ActiveCfg = Debug|iPhone
		{B591A3E5-4F7F-41DB-BBA4-71419EC648E3}.Debug|x86.ActiveCfg = Debug|iPhone
		{B591A3E5-4F7F-41DB-BBA4-71419EC648E3}.Release|Any CPU.ActiveCfg = Release|iPhone
		{B591A3E5-4F7F-41DB-BBA4-71419EC648E3}.Release|ARM.ActiveCfg = Release|iPhone
		{B591A3E5-4F7F-41DB-BBA4-71419EC648E3}.Release|iPhone.ActiveCfg = Release|iPhone
		{B591A3E5-4F7F-41DB-BBA4-71419EC648E3}.Release|iPhone.Build.0 = Release|iPhone
		{B591A3E5-4F7F-41DB-BBA4-71419EC648E3}.Release|iPhoneSimulator.ActiveCfg = Release|iPhoneSimulator
		{B591A3E5-4F7F-41DB-BBA4-71419EC648E3}.Release|iPhoneSimulator.Build.0 = Release|iPhoneSimulator
		{B591A3E5-4F7F-41DB-BBA4-71419EC648E3}.Release|x64.ActiveCfg = Release|iPhone
		{B591A3E5-4F7F-41DB-BBA4-71419EC648E3}.Release|x86.ActiveCfg = Release|iPhone
		{353C114E-8B59-4390-9E68-C50B64F914E9}.Ad-Hoc|Any CPU.ActiveCfg = Release|x86
		{353C114E-8B59-4390-9E68-C50B64F914E9}.Ad-Hoc|Any CPU.Build.0 = Release|x86
		{353C114E-8B59-4390-9E68-C50B64F914E9}.Ad-Hoc|Any CPU.Deploy.0 = Release|x86
		{353C114E-8B59-4390-9E68-C50B64F914E9}.Ad-Hoc|ARM.ActiveCfg = Release|ARM
		{353C114E-8B59-4390-9E68-C50B64F914E9}.Ad-Hoc|ARM.Build.0 = Release|ARM
		{353C114E-8B59-4390-9E68-C50B64F914E9}.Ad-Hoc|ARM.Deploy.0 = Release|ARM
		{353C114E-8B59-4390-9E68-C50B64F914E9}.Ad-Hoc|iPhone.ActiveCfg = Release|x86
		{353C114E-8B59-4390-9E68-C50B64F914E9}.Ad-Hoc|iPhone.Build.0 = Release|x86
		{353C114E-8B59-4390-9E68-C50B64F914E9}.Ad-Hoc|iPhone.Deploy.0 = Release|x86
		{353C114E-8B59-4390-9E68-C50B64F914E9}.Ad-Hoc|iPhoneSimulator.ActiveCfg = Release|x86
		{353C114E-8B59-4390-9E68-C50B64F914E9}.Ad-Hoc|iPhoneSimulator.Build.0 = Release|x86
		{353C114E-8B59-4390-9E68-C50B64F914E9}.Ad-Hoc|iPhoneSimulator.Deploy.0 = Release|x86
		{353C114E-8B59-4390-9E68-C50B64F914E9}.Ad-Hoc|x64.ActiveCfg = Release|x64
		{353C114E-8B59-4390-9E68-C50B64F914E9}.Ad-Hoc|x64.Build.0 = Release|x64
		{353C114E-8B59-4390-9E68-C50B64F914E9}.Ad-Hoc|x64.Deploy.0 = Release|x64
		{353C114E-8B59-4390-9E68-C50B64F914E9}.Ad-Hoc|x86.ActiveCfg = Release|x86
		{353C114E-8B59-4390-9E68-C50B64F914E9}.Ad-Hoc|x86.Build.0 = Release|x86
		{353C114E-8B59-4390-9E68-C50B64F914E9}.Ad-Hoc|x86.Deploy.0 = Release|x86
		{353C114E-8B59-4390-9E68-C50B64F914E9}.AppStore|Any CPU.ActiveCfg = Release|x86
		{353C114E-8B59-4390-9E68-C50B64F914E9}.AppStore|Any CPU.Build.0 = Release|x86
		{353C114E-8B59-4390-9E68-C50B64F914E9}.AppStore|Any CPU.Deploy.0 = Release|x86
		{353C114E-8B59-4390-9E68-C50B64F914E9}.AppStore|ARM.ActiveCfg = Release|ARM
		{353C114E-8B59-4390-9E68-C50B64F914E9}.AppStore|ARM.Build.0 = Release|ARM
		{353C114E-8B59-4390-9E68-C50B64F914E9}.AppStore|ARM.Deploy.0 = Release|ARM
		{353C114E-8B59-4390-9E68-C50B64F914E9}.AppStore|iPhone.ActiveCfg = Release|x86
		{353C114E-8B59-4390-9E68-C50B64F914E9}.AppStore|iPhone.Build.0 = Release|x86
		{353C114E-8B59-4390-9E68-C50B64F914E9}.AppStore|iPhone.Deploy.0 = Release|x86
		{353C114E-8B59-4390-9E68-C50B64F914E9}.AppStore|iPhoneSimulator.ActiveCfg = Release|x86
		{353C114E-8B59-4390-9E68-C50B64F914E9}.AppStore|iPhoneSimulator.Build.0 = Release|x86
		{353C114E-8B59-4390-9E68-C50B64F914E9}.AppStore|iPhoneSimulator.Deploy.0 = Release|x86
		{353C114E-8B59-4390-9E68-C50B64F914E9}.AppStore|x64.ActiveCfg = Release|x64
		{353C114E-8B59-4390-9E68-C50B64F914E9}.AppStore|x64.Build.0 = Release|x64
		{353C114E-8B59-4390-9E68-C50B64F914E9}.AppStore|x64.Deploy.0 = Release|x64
		{353C114E-8B59-4390-9E68-C50B64F914E9}.AppStore|x86.ActiveCfg = Release|x86
		{353C114E-8B59-4390-9E68-C50B64F914E9}.AppStore|x86.Build.0 = Release|x86
		{353C114E-8B59-4390-9E68-C50B64F914E9}.AppStore|x86.Deploy.0 = Release|x86
		{353C114E-8B59-4390-9E68-C50B64F914E9}.Debug|Any CPU.ActiveCfg = Debug|x86
		{353C114E-8B59-4390-9E68-C50B64F914E9}.Debug|ARM.ActiveCfg = Debug|ARM
		{353C114E-8B59-4390-9E68-C50B64F914E9}.Debug|ARM.Build.0 = Debug|ARM
		{353C114E-8B59-4390-9E68-C50B64F914E9}.Debug|ARM.Deploy.0 = Debug|ARM
		{353C114E-8B59-4390-9E68-C50B64F914E9}.Debug|iPhone.ActiveCfg = Debug|x86
		{353C114E-8B59-4390-9E68-C50B64F914E9}.Debug|iPhoneSimulator.ActiveCfg = Debug|x86
		{353C114E-8B59-4390-9E68-C50B64F914E9}.Debug|x64.ActiveCfg = Debug|x64
		{353C114E-8B59-4390-9E68-C50B64F914E9}.Debug|x64.Build.0 = Debug|x64
		{353C114E-8B59-4390-9E68-C50B64F914E9}.Debug|x64.Deploy.0 = Debug|x64
		{353C114E-8B59-4390-9E68-C50B64F914E9}.Debug|x86.ActiveCfg = Debug|x86
		{353C114E-8B59-4390-9E68-C50B64F914E9}.Debug|x86.Build.0 = Debug|x86
		{353C114E-8B59-4390-9E68-C50B64F914E9}.Debug|x86.Deploy.0 = Debug|x86
		{353C114E-8B59-4390-9E68-C50B64F914E9}.Release|Any CPU.ActiveCfg = Release|x86
		{353C114E-8B59-4390-9E68-C50B64F914E9}.Release|ARM.ActiveCfg = Release|ARM
		{353C114E-8B59-4390-9E68-C50B64F914E9}.Release|ARM.Build.0 = Release|ARM
		{353C114E-8B59-4390-9E68-C50B64F914E9}.Release|ARM.Deploy.0 = Release|ARM
		{353C114E-8B59-4390-9E68-C50B64F914E9}.Release|iPhone.ActiveCfg = Release|x86
		{353C114E-8B59-4390-9E68-C50B64F914E9}.Release|iPhoneSimulator.ActiveCfg = Release|x86
		{353C114E-8B59-4390-9E68-C50B64F914E9}.Release|x64.ActiveCfg = Release|x64
		{353C114E-8B59-4390-9E68-C50B64F914E9}.Release|x64.Build.0 = Release|x64
		{353C114E-8B59-4390-9E68-C50B64F914E9}.Release|x64.Deploy.0 = Release|x64
		{353C114E-8B59-4390-9E68-C50B64F914E9}.Release|x86.ActiveCfg = Release|x86
		{353C114E-8B59-4390-9E68-C50B64F914E9}.Release|x86.Build.0 = Release|x86
		{353C114E-8B59-4390-9E68-C50B64F914E9}.Release|x86.Deploy.0 = Release|x86
		{91EE2AE9-A886-41FA-81EA-217A0818E6AD}.Ad-Hoc|Any CPU.ActiveCfg = Debug|Any CPU
		{91EE2AE9-A886-41FA-81EA-217A0818E6AD}.Ad-Hoc|Any CPU.Build.0 = Debug|Any CPU
		{91EE2AE9-A886-41FA-81EA-217A0818E6AD}.Ad-Hoc|ARM.ActiveCfg = Debug|Any CPU
		{91EE2AE9-A886-41FA-81EA-217A0818E6AD}.Ad-Hoc|ARM.Build.0 = Debug|Any CPU
		{91EE2AE9-A886-41FA-81EA-217A0818E6AD}.Ad-Hoc|iPhone.ActiveCfg = Debug|Any CPU
		{91EE2AE9-A886-41FA-81EA-217A0818E6AD}.Ad-Hoc|iPhone.Build.0 = Debug|Any CPU
		{91EE2AE9-A886-41FA-81EA-217A0818E6AD}.Ad-Hoc|iPhoneSimulator.ActiveCfg = Debug|Any CPU
		{91EE2AE9-A886-41FA-81EA-217A0818E6AD}.Ad-Hoc|iPhoneSimulator.Build.0 = Debug|Any CPU
		{91EE2AE9-A886-41FA-81EA-217A0818E6AD}.Ad-Hoc|x64.ActiveCfg = Debug|Any CPU
		{91EE2AE9-A886-41FA-81EA-217A0818E6AD}.Ad-Hoc|x64.Build.0 = Debug|Any CPU
		{91EE2AE9-A886-41FA-81EA-217A0818E6AD}.Ad-Hoc|x86.ActiveCfg = Debug|Any CPU
		{91EE2AE9-A886-41FA-81EA-217A0818E6AD}.Ad-Hoc|x86.Build.0 = Debug|Any CPU
		{91EE2AE9-A886-41FA-81EA-217A0818E6AD}.AppStore|Any CPU.ActiveCfg = Debug|Any CPU
		{91EE2AE9-A886-41FA-81EA-217A0818E6AD}.AppStore|Any CPU.Build.0 = Debug|Any CPU
		{91EE2AE9-A886-41FA-81EA-217A0818E6AD}.AppStore|ARM.ActiveCfg = Debug|Any CPU
		{91EE2AE9-A886-41FA-81EA-217A0818E6AD}.AppStore|ARM.Build.0 = Debug|Any CPU
		{91EE2AE9-A886-41FA-81EA-217A0818E6AD}.AppStore|iPhone.ActiveCfg = Debug|Any CPU
		{91EE2AE9-A886-41FA-81EA-217A0818E6AD}.AppStore|iPhone.Build.0 = Debug|Any CPU
		{91EE2AE9-A886-41FA-81EA-217A0818E6AD}.AppStore|iPhoneSimulator.ActiveCfg = Debug|Any CPU
		{91EE2AE9-A886-41FA-81EA-217A0818E6AD}.AppStore|iPhoneSimulator.Build.0 = Debug|Any CPU
		{91EE2AE9-A886-41FA-81EA-217A0818E6AD}.AppStore|x64.ActiveCfg = Debug|Any CPU
		{91EE2AE9-A886-41FA-81EA-217A0818E6AD}.AppStore|x64.Build.0 = Debug|Any CPU
		{91EE2AE9-A886-41FA-81EA-217A0818E6AD}.AppStore|x86.ActiveCfg = Debug|Any CPU
		{91EE2AE9-A886-41FA-81EA-217A0818E6AD}.AppStore|x86.Build.0 = Debug|Any CPU
		{91EE2AE9-A886-41FA-81EA-217A0818E6AD}.Debug|Any CPU.ActiveCfg = Debug|Any CPU
		{91EE2AE9-A886-41FA-81EA-217A0818E6AD}.Debug|Any CPU.Build.0 = Debug|Any CPU
		{91EE2AE9-A886-41FA-81EA-217A0818E6AD}.Debug|ARM.ActiveCfg = Debug|Any CPU
		{91EE2AE9-A886-41FA-81EA-217A0818E6AD}.Debug|ARM.Build.0 = Debug|Any CPU
		{91EE2AE9-A886-41FA-81EA-217A0818E6AD}.Debug|iPhone.ActiveCfg = Debug|Any CPU
		{91EE2AE9-A886-41FA-81EA-217A0818E6AD}.Debug|iPhone.Build.0 = Debug|Any CPU
		{91EE2AE9-A886-41FA-81EA-217A0818E6AD}.Debug|iPhoneSimulator.ActiveCfg = Debug|Any CPU
		{91EE2AE9-A886-41FA-81EA-217A0818E6AD}.Debug|iPhoneSimulator.Build.0 = Debug|Any CPU
		{91EE2AE9-A886-41FA-81EA-217A0818E6AD}.Debug|x64.ActiveCfg = Debug|Any CPU
		{91EE2AE9-A886-41FA-81EA-217A0818E6AD}.Debug|x64.Build.0 = Debug|Any CPU
		{91EE2AE9-A886-41FA-81EA-217A0818E6AD}.Debug|x86.ActiveCfg = Debug|Any CPU
		{91EE2AE9-A886-41FA-81EA-217A0818E6AD}.Debug|x86.Build.0 = Debug|Any CPU
		{91EE2AE9-A886-41FA-81EA-217A0818E6AD}.Release|Any CPU.ActiveCfg = Release|Any CPU
		{91EE2AE9-A886-41FA-81EA-217A0818E6AD}.Release|Any CPU.Build.0 = Release|Any CPU
		{91EE2AE9-A886-41FA-81EA-217A0818E6AD}.Release|ARM.ActiveCfg = Release|Any CPU
		{91EE2AE9-A886-41FA-81EA-217A0818E6AD}.Release|ARM.Build.0 = Release|Any CPU
		{91EE2AE9-A886-41FA-81EA-217A0818E6AD}.Release|iPhone.ActiveCfg = Release|Any CPU
		{91EE2AE9-A886-41FA-81EA-217A0818E6AD}.Release|iPhone.Build.0 = Release|Any CPU
		{91EE2AE9-A886-41FA-81EA-217A0818E6AD}.Release|iPhoneSimulator.ActiveCfg = Release|Any CPU
		{91EE2AE9-A886-41FA-81EA-217A0818E6AD}.Release|iPhoneSimulator.Build.0 = Release|Any CPU
		{91EE2AE9-A886-41FA-81EA-217A0818E6AD}.Release|x64.ActiveCfg = Release|Any CPU
		{91EE2AE9-A886-41FA-81EA-217A0818E6AD}.Release|x64.Build.0 = Release|Any CPU
		{91EE2AE9-A886-41FA-81EA-217A0818E6AD}.Release|x86.ActiveCfg = Release|Any CPU
		{91EE2AE9-A886-41FA-81EA-217A0818E6AD}.Release|x86.Build.0 = Release|Any CPU
	EndGlobalSection
	GlobalSection(SolutionProperties) = preSolution
		HideSolutionNode = FALSE
	EndGlobalSection
	GlobalSection(ExtensibilityGlobals) = postSolution
		SolutionGuid = {19C6CD61-4979-4C4C-AD13-87BED9252DFF}
	EndGlobalSection
EndGlobal
